
Microsoft Visual Studio Solution File, Format Version 12.00
# Visual Studio 15
VisualStudioVersion = 15.0.27703.2018
MinimumVisualStudioVersion = 10.0.40219.1
Project("{8BC9CEB8-8B4A-11D0-8D11-00A0C91BC942}") = "os", "os\os.vcxproj", "{3CB6F911-760B-45E5-B620-25B8658D57DC}"
EndProject
Global
	GlobalSection(SolutionConfigurationPlatforms) = preSolution
		Debug|x64 = Debug|x64
		Debug|x86 = Debug|x86
		Release|x64 = Release|x64
		Release|x86 = Release|x86
	EndGlobalSection
	GlobalSection(ProjectConfigurationPlatforms) = postSolution
		{3CB6F911-760B-45E5-B620-25B8658D57DC}.Debug|x64.ActiveCfg = Debug|x64
		{3CB6F911-760B-45E5-B620-25B8658D57DC}.Debug|x64.Build.0 = Debug|x64
		{3CB6F911-760B-45E5-B620-25B8658D57DC}.Debug|x86.ActiveCfg = Debug|Win32
		{3CB6F911-760B-45E5-B620-25B8658D57DC}.Debug|x86.Build.0 = Debug|Win32
		{3CB6F911-760B-45E5-B620-25B8658D57DC}.Release|x64.ActiveCfg = Release|x64
		{3CB6F911-760B-45E5-B620-25B8658D57DC}.Release|x64.Build.0 = Release|x64
		{3CB6F911-760B-45E5-B620-25B8658D57DC}.Release|x86.ActiveCfg = Release|Win32
		{3CB6F911-760B-45E5-B620-25B8658D57DC}.Release|x86.Build.0 = Release|Win32
	EndGlobalSection
	GlobalSection(SolutionProperties) = preSolution
		HideSolutionNode = FALSE
	EndGlobalSection
	GlobalSection(ExtensibilityGlobals) = postSolution
		SolutionGuid = {528F82A1-8F79-4A90-90C3-C3C58E9DAD16}
	EndGlobalSection
EndGlobal
